
Microsoft Visual Studio Solution File, Format Version 12.00
# Visual Studio Version 16
VisualStudioVersion = 16.0.30907.101
MinimumVisualStudioVersion = 10.0.40219.1
Project("{FAE04EC0-301F-11D3-BF4B-00C04F79EFBC}") = "Task_1", "Solution\Task_1.csproj", "{BC625A82-3FA6-4311-8941-7D92E0253D66}"
EndProject
Project("{FAE04EC0-301F-11D3-BF4B-00C04F79EFBC}") = "Task_2", "Task_2\Task_2.csproj", "{FA4565B9-B2C1-4D95-B5CB-1F1FC2419254}"
EndProject
Global
	GlobalSection(SolutionConfigurationPlatforms) = preSolution
		Debug|Any CPU = Debug|Any CPU
		Release|Any CPU = Release|Any CPU
	EndGlobalSection
	GlobalSection(ProjectConfigurationPlatforms) = postSolution
		{BC625A82-3FA6-4311-8941-7D92E0253D66}.Debug|Any CPU.ActiveCfg = Debug|Any CPU
		{BC625A82-3FA6-4311-8941-7D92E0253D66}.Debug|Any CPU.Build.0 = Debug|Any CPU
		{BC625A82-3FA6-4311-8941-7D92E0253D66}.Release|Any CPU.ActiveCfg = Release|Any CPU
		{BC625A82-3FA6-4311-8941-7D92E0253D66}.Release|Any CPU.Build.0 = Release|Any CPU
		{FA4565B9-B2C1-4D95-B5CB-1F1FC2419254}.Debug|Any CPU.ActiveCfg = Debug|Any CPU
		{FA4565B9-B2C1-4D95-B5CB-1F1FC2419254}.Debug|Any CPU.Build.0 = Debug|Any CPU
		{FA4565B9-B2C1-4D95-B5CB-1F1FC2419254}.Release|Any CPU.ActiveCfg = Release|Any CPU
		{FA4565B9-B2C1-4D95-B5CB-1F1FC2419254}.Release|Any CPU.Build.0 = Release|Any CPU
	EndGlobalSection
	GlobalSection(SolutionProperties) = preSolution
		HideSolutionNode = FALSE
	EndGlobalSection
	GlobalSection(ExtensibilityGlobals) = postSolution
		SolutionGuid = {C7C5DE06-E94F-48B2-BCCF-4E61E9934912}
	EndGlobalSection
EndGlobal
