
Microsoft Visual Studio Solution File, Format Version 12.00
# Visual Studio Version 16
VisualStudioVersion = 16.0.30907.101
MinimumVisualStudioVersion = 10.0.40219.1
Project("{9A19103F-16F7-4668-BE54-9A1E7A4F7556}") = "Task_2", "Task_2\Task_2.csproj", "{00907912-7FD5-4ACD-B20E-A22C4E742D6B}"
EndProject
Project("{9A19103F-16F7-4668-BE54-9A1E7A4F7556}") = "Task_1", "Task_1\Task_1.csproj", "{C1CA25B9-13EF-406B-BEC2-2C4EFCF74AD1}"
EndProject
Project("{FAE04EC0-301F-11D3-BF4B-00C04F79EFBC}") = "Task_3", "Task_3\Task_3.csproj", "{F9AF2D85-651C-42EF-83A6-810F90D263F3}"
EndProject
Global
	GlobalSection(SolutionConfigurationPlatforms) = preSolution
		Debug|Any CPU = Debug|Any CPU
		Release|Any CPU = Release|Any CPU
	EndGlobalSection
	GlobalSection(ProjectConfigurationPlatforms) = postSolution
		{00907912-7FD5-4ACD-B20E-A22C4E742D6B}.Debug|Any CPU.ActiveCfg = Debug|Any CPU
		{00907912-7FD5-4ACD-B20E-A22C4E742D6B}.Debug|Any CPU.Build.0 = Debug|Any CPU
		{00907912-7FD5-4ACD-B20E-A22C4E742D6B}.Release|Any CPU.ActiveCfg = Release|Any CPU
		{00907912-7FD5-4ACD-B20E-A22C4E742D6B}.Release|Any CPU.Build.0 = Release|Any CPU
		{C1CA25B9-13EF-406B-BEC2-2C4EFCF74AD1}.Debug|Any CPU.ActiveCfg = Debug|Any CPU
		{C1CA25B9-13EF-406B-BEC2-2C4EFCF74AD1}.Debug|Any CPU.Build.0 = Debug|Any CPU
		{C1CA25B9-13EF-406B-BEC2-2C4EFCF74AD1}.Release|Any CPU.ActiveCfg = Release|Any CPU
		{C1CA25B9-13EF-406B-BEC2-2C4EFCF74AD1}.Release|Any CPU.Build.0 = Release|Any CPU
		{F9AF2D85-651C-42EF-83A6-810F90D263F3}.Debug|Any CPU.ActiveCfg = Debug|Any CPU
		{F9AF2D85-651C-42EF-83A6-810F90D263F3}.Debug|Any CPU.Build.0 = Debug|Any CPU
		{F9AF2D85-651C-42EF-83A6-810F90D263F3}.Release|Any CPU.ActiveCfg = Release|Any CPU
		{F9AF2D85-651C-42EF-83A6-810F90D263F3}.Release|Any CPU.Build.0 = Release|Any CPU
	EndGlobalSection
	GlobalSection(SolutionProperties) = preSolution
		HideSolutionNode = FALSE
	EndGlobalSection
	GlobalSection(ExtensibilityGlobals) = postSolution
		SolutionGuid = {C41AFCC0-5785-4333-8E5F-7821E0F1E11B}
	EndGlobalSection
EndGlobal
